
Microsoft Visual Studio Solution File, Format Version 12.00
# Visual Studio Version 17
VisualStudioVersion = 17.9.34701.34
MinimumVisualStudioVersion = 10.0.40219.1
Project("{F184B08F-C81C-45F6-A57F-5ABD9991F28F}") = "SmartCityMgmtSystem", "SmartCityMgmtSystem\SmartCityMgmtSystem.vbproj", "{911117A9-8F55-492B-A323-7D950BE7FEFF}"
EndProject
Project("{2150E333-8FDC-42A3-9474-1A3956D46DE8}") = "Solution Items", "Solution Items", "{A5CAF9E1-2E60-445A-84F3-D70D62EC070E}"
EndProject
Global
	GlobalSection(SolutionConfigurationPlatforms) = preSolution
		Debug|x86 = Debug|x86
		Release|x86 = Release|x86
	EndGlobalSection
	GlobalSection(ProjectConfigurationPlatforms) = postSolution
		{911117A9-8F55-492B-A323-7D950BE7FEFF}.Debug|x86.ActiveCfg = Debug|x86
		{911117A9-8F55-492B-A323-7D950BE7FEFF}.Debug|x86.Build.0 = Debug|x86
		{911117A9-8F55-492B-A323-7D950BE7FEFF}.Release|x86.ActiveCfg = Release|x86
		{911117A9-8F55-492B-A323-7D950BE7FEFF}.Release|x86.Build.0 = Release|x86
	EndGlobalSection
	GlobalSection(SolutionProperties) = preSolution
		HideSolutionNode = FALSE
	EndGlobalSection
	GlobalSection(ExtensibilityGlobals) = postSolution
		SolutionGuid = {6B2CC6EB-3ED6-499A-A38C-0FE1AFFAB0D7}
	EndGlobalSection
EndGlobal
